
Microsoft Visual Studio Solution File, Format Version 12.00
# Visual Studio Version 17
VisualStudioVersion = 17.8.34322.80
MinimumVisualStudioVersion = 10.0.40219.1
Project("{8BC9CEB8-8B4A-11D0-8D11-00A0C91BC942}") = "chap01_HelloCpp", "chap01_HelloCpp\chap01_HelloCpp.vcxproj", "{07BDDC2F-E47F-439F-A916-80FC0C97D062}"
EndProject
Project("{8BC9CEB8-8B4A-11D0-8D11-00A0C91BC942}") = "chap02_enhanced_cpp", "..\chap02_enhanced_cpp\chap02_enhanced_cpp.vcxproj", "{FDBBEFBA-AB70-4F5D-B7BB-1DB7A3F797AC}"
EndProject
Project("{8BC9CEB8-8B4A-11D0-8D11-00A0C91BC942}") = "chap03_메모리관리와 동적할당", "..\chap03_메모리관리와 동적할당\chap03_메모리관리와 동적할당.vcxproj", "{16DC882C-16A0-4063-BEAC-630649C608DF}"
EndProject
Project("{8BC9CEB8-8B4A-11D0-8D11-00A0C91BC942}") = "chap04_구조체와 클래스", "..\chap04_구조체와 클래스\chap04_구조체와 클래스.vcxproj", "{75A2CF89-9F70-4B88-9AF2-6DCA9CCA3CEE}"
EndProject
Project("{8BC9CEB8-8B4A-11D0-8D11-00A0C91BC942}") = "chap05_접근제어자", "..\chap05_접근제어자\chap05_접근제어자.vcxproj", "{98C599DD-70E1-4195-B768-9682528DF01F}"
EndProject
Project("{8BC9CEB8-8B4A-11D0-8D11-00A0C91BC942}") = "chap06_생성자", "..\chap06_생성자\chap06_생성자.vcxproj", "{EF6A511C-50AF-43F9-9A02-2D8E6D2E5EDB}"
EndProject
Project("{8BC9CEB8-8B4A-11D0-8D11-00A0C91BC942}") = "chap07_소멸자", "..\chap07_소멸자\chap07_소멸자.vcxproj", "{5379B6A2-1565-4388-9B6D-47FECB68FC7A}"
EndProject
Project("{8BC9CEB8-8B4A-11D0-8D11-00A0C91BC942}") = "chap08_this_static", "..\chap08_this_static\chap08_this_static.vcxproj", "{4CE1081A-0539-4E4F-86FD-0225F602476E}"
EndProject
Project("{8BC9CEB8-8B4A-11D0-8D11-00A0C91BC942}") = "chap09_복사생성자", "..\chap09_복사생성자\chap09_복사생성자.vcxproj", "{D4F3A3C9-F74C-4C7A-8BC8-D6F22EFECFBF}"
EndProject
Project("{8BC9CEB8-8B4A-11D0-8D11-00A0C91BC942}") = "chap10_연산자 오버로딩", "..\chap10_연산자 오버로딩\chap10_연산자 오버로딩.vcxproj", "{3F3DCA7F-3594-4D0B-8615-1A11FA43D803}"
EndProject
Project("{8BC9CEB8-8B4A-11D0-8D11-00A0C91BC942}") = "StringClass", "..\StringClass\StringClass.vcxproj", "{95484145-1539-45CA-861B-B6D151EF98C0}"
EndProject
Project("{8BC9CEB8-8B4A-11D0-8D11-00A0C91BC942}") = "chap11_객체배열", "..\chap11_객체배열\chap11_객체배열.vcxproj", "{BD5742A3-A95A-43A5-9A9E-638E78178EF3}"
EndProject
Global
	GlobalSection(SolutionConfigurationPlatforms) = preSolution
		Debug|x64 = Debug|x64
		Debug|x86 = Debug|x86
		Release|x64 = Release|x64
		Release|x86 = Release|x86
	EndGlobalSection
	GlobalSection(ProjectConfigurationPlatforms) = postSolution
		{07BDDC2F-E47F-439F-A916-80FC0C97D062}.Debug|x64.ActiveCfg = Debug|x64
		{07BDDC2F-E47F-439F-A916-80FC0C97D062}.Debug|x64.Build.0 = Debug|x64
		{07BDDC2F-E47F-439F-A916-80FC0C97D062}.Debug|x86.ActiveCfg = Debug|Win32
		{07BDDC2F-E47F-439F-A916-80FC0C97D062}.Debug|x86.Build.0 = Debug|Win32
		{07BDDC2F-E47F-439F-A916-80FC0C97D062}.Release|x64.ActiveCfg = Release|x64
		{07BDDC2F-E47F-439F-A916-80FC0C97D062}.Release|x64.Build.0 = Release|x64
		{07BDDC2F-E47F-439F-A916-80FC0C97D062}.Release|x86.ActiveCfg = Release|Win32
		{07BDDC2F-E47F-439F-A916-80FC0C97D062}.Release|x86.Build.0 = Release|Win32
		{FDBBEFBA-AB70-4F5D-B7BB-1DB7A3F797AC}.Debug|x64.ActiveCfg = Debug|x64
		{FDBBEFBA-AB70-4F5D-B7BB-1DB7A3F797AC}.Debug|x64.Build.0 = Debug|x64
		{FDBBEFBA-AB70-4F5D-B7BB-1DB7A3F797AC}.Debug|x86.ActiveCfg = Debug|Win32
		{FDBBEFBA-AB70-4F5D-B7BB-1DB7A3F797AC}.Debug|x86.Build.0 = Debug|Win32
		{FDBBEFBA-AB70-4F5D-B7BB-1DB7A3F797AC}.Release|x64.ActiveCfg = Release|x64
		{FDBBEFBA-AB70-4F5D-B7BB-1DB7A3F797AC}.Release|x64.Build.0 = Release|x64
		{FDBBEFBA-AB70-4F5D-B7BB-1DB7A3F797AC}.Release|x86.ActiveCfg = Release|Win32
		{FDBBEFBA-AB70-4F5D-B7BB-1DB7A3F797AC}.Release|x86.Build.0 = Release|Win32
		{16DC882C-16A0-4063-BEAC-630649C608DF}.Debug|x64.ActiveCfg = Debug|x64
		{16DC882C-16A0-4063-BEAC-630649C608DF}.Debug|x64.Build.0 = Debug|x64
		{16DC882C-16A0-4063-BEAC-630649C608DF}.Debug|x86.ActiveCfg = Debug|Win32
		{16DC882C-16A0-4063-BEAC-630649C608DF}.Debug|x86.Build.0 = Debug|Win32
		{16DC882C-16A0-4063-BEAC-630649C608DF}.Release|x64.ActiveCfg = Release|x64
		{16DC882C-16A0-4063-BEAC-630649C608DF}.Release|x64.Build.0 = Release|x64
		{16DC882C-16A0-4063-BEAC-630649C608DF}.Release|x86.ActiveCfg = Release|Win32
		{16DC882C-16A0-4063-BEAC-630649C608DF}.Release|x86.Build.0 = Release|Win32
		{75A2CF89-9F70-4B88-9AF2-6DCA9CCA3CEE}.Debug|x64.ActiveCfg = Debug|x64
		{75A2CF89-9F70-4B88-9AF2-6DCA9CCA3CEE}.Debug|x64.Build.0 = Debug|x64
		{75A2CF89-9F70-4B88-9AF2-6DCA9CCA3CEE}.Debug|x86.ActiveCfg = Debug|Win32
		{75A2CF89-9F70-4B88-9AF2-6DCA9CCA3CEE}.Debug|x86.Build.0 = Debug|Win32
		{75A2CF89-9F70-4B88-9AF2-6DCA9CCA3CEE}.Release|x64.ActiveCfg = Release|x64
		{75A2CF89-9F70-4B88-9AF2-6DCA9CCA3CEE}.Release|x64.Build.0 = Release|x64
		{75A2CF89-9F70-4B88-9AF2-6DCA9CCA3CEE}.Release|x86.ActiveCfg = Release|Win32
		{75A2CF89-9F70-4B88-9AF2-6DCA9CCA3CEE}.Release|x86.Build.0 = Release|Win32
		{98C599DD-70E1-4195-B768-9682528DF01F}.Debug|x64.ActiveCfg = Debug|x64
		{98C599DD-70E1-4195-B768-9682528DF01F}.Debug|x64.Build.0 = Debug|x64
		{98C599DD-70E1-4195-B768-9682528DF01F}.Debug|x86.ActiveCfg = Debug|Win32
		{98C599DD-70E1-4195-B768-9682528DF01F}.Debug|x86.Build.0 = Debug|Win32
		{98C599DD-70E1-4195-B768-9682528DF01F}.Release|x64.ActiveCfg = Release|x64
		{98C599DD-70E1-4195-B768-9682528DF01F}.Release|x64.Build.0 = Release|x64
		{98C599DD-70E1-4195-B768-9682528DF01F}.Release|x86.ActiveCfg = Release|Win32
		{98C599DD-70E1-4195-B768-9682528DF01F}.Release|x86.Build.0 = Release|Win32
		{EF6A511C-50AF-43F9-9A02-2D8E6D2E5EDB}.Debug|x64.ActiveCfg = Debug|x64
		{EF6A511C-50AF-43F9-9A02-2D8E6D2E5EDB}.Debug|x64.Build.0 = Debug|x64
		{EF6A511C-50AF-43F9-9A02-2D8E6D2E5EDB}.Debug|x86.ActiveCfg = Debug|Win32
		{EF6A511C-50AF-43F9-9A02-2D8E6D2E5EDB}.Debug|x86.Build.0 = Debug|Win32
		{EF6A511C-50AF-43F9-9A02-2D8E6D2E5EDB}.Release|x64.ActiveCfg = Release|x64
		{EF6A511C-50AF-43F9-9A02-2D8E6D2E5EDB}.Release|x64.Build.0 = Release|x64
		{EF6A511C-50AF-43F9-9A02-2D8E6D2E5EDB}.Release|x86.ActiveCfg = Release|Win32
		{EF6A511C-50AF-43F9-9A02-2D8E6D2E5EDB}.Release|x86.Build.0 = Release|Win32
		{5379B6A2-1565-4388-9B6D-47FECB68FC7A}.Debug|x64.ActiveCfg = Debug|x64
		{5379B6A2-1565-4388-9B6D-47FECB68FC7A}.Debug|x64.Build.0 = Debug|x64
		{5379B6A2-1565-4388-9B6D-47FECB68FC7A}.Debug|x86.ActiveCfg = Debug|Win32
		{5379B6A2-1565-4388-9B6D-47FECB68FC7A}.Debug|x86.Build.0 = Debug|Win32
		{5379B6A2-1565-4388-9B6D-47FECB68FC7A}.Release|x64.ActiveCfg = Release|x64
		{5379B6A2-1565-4388-9B6D-47FECB68FC7A}.Release|x64.Build.0 = Release|x64
		{5379B6A2-1565-4388-9B6D-47FECB68FC7A}.Release|x86.ActiveCfg = Release|Win32
		{5379B6A2-1565-4388-9B6D-47FECB68FC7A}.Release|x86.Build.0 = Release|Win32
		{4CE1081A-0539-4E4F-86FD-0225F602476E}.Debug|x64.ActiveCfg = Debug|x64
		{4CE1081A-0539-4E4F-86FD-0225F602476E}.Debug|x64.Build.0 = Debug|x64
		{4CE1081A-0539-4E4F-86FD-0225F602476E}.Debug|x86.ActiveCfg = Debug|Win32
		{4CE1081A-0539-4E4F-86FD-0225F602476E}.Debug|x86.Build.0 = Debug|Win32
		{4CE1081A-0539-4E4F-86FD-0225F602476E}.Release|x64.ActiveCfg = Release|x64
		{4CE1081A-0539-4E4F-86FD-0225F602476E}.Release|x64.Build.0 = Release|x64
		{4CE1081A-0539-4E4F-86FD-0225F602476E}.Release|x86.ActiveCfg = Release|Win32
		{4CE1081A-0539-4E4F-86FD-0225F602476E}.Release|x86.Build.0 = Release|Win32
		{D4F3A3C9-F74C-4C7A-8BC8-D6F22EFECFBF}.Debug|x64.ActiveCfg = Debug|x64
		{D4F3A3C9-F74C-4C7A-8BC8-D6F22EFECFBF}.Debug|x64.Build.0 = Debug|x64
		{D4F3A3C9-F74C-4C7A-8BC8-D6F22EFECFBF}.Debug|x86.ActiveCfg = Debug|Win32
		{D4F3A3C9-F74C-4C7A-8BC8-D6F22EFECFBF}.Debug|x86.Build.0 = Debug|Win32
		{D4F3A3C9-F74C-4C7A-8BC8-D6F22EFECFBF}.Release|x64.ActiveCfg = Release|x64
		{D4F3A3C9-F74C-4C7A-8BC8-D6F22EFECFBF}.Release|x64.Build.0 = Release|x64
		{D4F3A3C9-F74C-4C7A-8BC8-D6F22EFECFBF}.Release|x86.ActiveCfg = Release|Win32
		{D4F3A3C9-F74C-4C7A-8BC8-D6F22EFECFBF}.Release|x86.Build.0 = Release|Win32
		{3F3DCA7F-3594-4D0B-8615-1A11FA43D803}.Debug|x64.ActiveCfg = Debug|x64
		{3F3DCA7F-3594-4D0B-8615-1A11FA43D803}.Debug|x64.Build.0 = Debug|x64
		{3F3DCA7F-3594-4D0B-8615-1A11FA43D803}.Debug|x86.ActiveCfg = Debug|Win32
		{3F3DCA7F-3594-4D0B-8615-1A11FA43D803}.Debug|x86.Build.0 = Debug|Win32
		{3F3DCA7F-3594-4D0B-8615-1A11FA43D803}.Release|x64.ActiveCfg = Release|x64
		{3F3DCA7F-3594-4D0B-8615-1A11FA43D803}.Release|x64.Build.0 = Release|x64
		{3F3DCA7F-3594-4D0B-8615-1A11FA43D803}.Release|x86.ActiveCfg = Release|Win32
		{3F3DCA7F-3594-4D0B-8615-1A11FA43D803}.Release|x86.Build.0 = Release|Win32
		{95484145-1539-45CA-861B-B6D151EF98C0}.Debug|x64.ActiveCfg = Debug|x64
		{95484145-1539-45CA-861B-B6D151EF98C0}.Debug|x64.Build.0 = Debug|x64
		{95484145-1539-45CA-861B-B6D151EF98C0}.Debug|x86.ActiveCfg = Debug|Win32
		{95484145-1539-45CA-861B-B6D151EF98C0}.Debug|x86.Build.0 = Debug|Win32
		{95484145-1539-45CA-861B-B6D151EF98C0}.Release|x64.ActiveCfg = Release|x64
		{95484145-1539-45CA-861B-B6D151EF98C0}.Release|x64.Build.0 = Release|x64
		{95484145-1539-45CA-861B-B6D151EF98C0}.Release|x86.ActiveCfg = Release|Win32
		{95484145-1539-45CA-861B-B6D151EF98C0}.Release|x86.Build.0 = Release|Win32
		{BD5742A3-A95A-43A5-9A9E-638E78178EF3}.Debug|x64.ActiveCfg = Debug|x64
		{BD5742A3-A95A-43A5-9A9E-638E78178EF3}.Debug|x64.Build.0 = Debug|x64
		{BD5742A3-A95A-43A5-9A9E-638E78178EF3}.Debug|x86.ActiveCfg = Debug|Win32
		{BD5742A3-A95A-43A5-9A9E-638E78178EF3}.Debug|x86.Build.0 = Debug|Win32
		{BD5742A3-A95A-43A5-9A9E-638E78178EF3}.Release|x64.ActiveCfg = Release|x64
		{BD5742A3-A95A-43A5-9A9E-638E78178EF3}.Release|x64.Build.0 = Release|x64
		{BD5742A3-A95A-43A5-9A9E-638E78178EF3}.Release|x86.ActiveCfg = Release|Win32
		{BD5742A3-A95A-43A5-9A9E-638E78178EF3}.Release|x86.Build.0 = Release|Win32
	EndGlobalSection
	GlobalSection(SolutionProperties) = preSolution
		HideSolutionNode = FALSE
	EndGlobalSection
	GlobalSection(ExtensibilityGlobals) = postSolution
		SolutionGuid = {93BCD697-090D-4851-B721-3D43B5289E7A}
	EndGlobalSection
EndGlobal
